// !$*UTF8*$!
{
	archiveVersion = 1;
	classes = {
	};
	objectVersion = 48;
	objects = {

/* Begin PBXBuildFile section */
		3B61A9AF80C5D3F23CA87D59 /* Pods_Todoey.framework in Frameworks */ = {isa = PBXBuildFile; fileRef = A78A218755D05DF9A80D8A1D /* Pods_Todoey.framework */; };
		8082BDF520037E7E002772D9 /* DataModel.xcdatamodeld in Sources */ = {isa = PBXBuildFile; fileRef = 8082BDF320037E7E002772D9 /* DataModel.xcdatamodeld */; };
		80AEC23E1FFE64740001CF99 /* AppDelegate.swift in Sources */ = {isa = PBXBuildFile; fileRef = 80AEC23D1FFE64740001CF99 /* AppDelegate.swift */; };
		80AEC2401FFE64740001CF99 /* TodoListViewController.swift in Sources */ = {isa = PBXBuildFile; fileRef = 80AEC23F1FFE64740001CF99 /* TodoListViewController.swift */; };
		80AEC2431FFE64740001CF99 /* Main.storyboard in Resources */ = {isa = PBXBuildFile; fileRef = 80AEC2411FFE64740001CF99 /* Main.storyboard */; };
		80AEC2451FFE64740001CF99 /* Assets.xcassets in Resources */ = {isa = PBXBuildFile; fileRef = 80AEC2441FFE64740001CF99 /* Assets.xcassets */; };
		80AEC2481FFE64740001CF99 /* LaunchScreen.storyboard in Resources */ = {isa = PBXBuildFile; fileRef = 80AEC2461FFE64740001CF99 /* LaunchScreen.storyboard */; };
		80BBB73420045BE200D86204 /* CategoryTableViewController.swift in Sources */ = {isa = PBXBuildFile; fileRef = 80BBB73320045BE200D86204 /* CategoryTableViewController.swift */; };
/* End PBXBuildFile section */

/* Begin PBXFileReference section */
		8082BDF420037E7E002772D9 /* DataModel.xcdatamodel */ = {isa = PBXFileReference; lastKnownFileType = wrapper.xcdatamodel; path = DataModel.xcdatamodel; sourceTree = "<group>"; };
		80AEC23A1FFE64740001CF99 /* Todoey.app */ = {isa = PBXFileReference; explicitFileType = wrapper.application; includeInIndex = 0; path = Todoey.app; sourceTree = BUILT_PRODUCTS_DIR; };
		80AEC23D1FFE64740001CF99 /* AppDelegate.swift */ = {isa = PBXFileReference; lastKnownFileType = sourcecode.swift; path = AppDelegate.swift; sourceTree = "<group>"; };
		80AEC23F1FFE64740001CF99 /* TodoListViewController.swift */ = {isa = PBXFileReference; lastKnownFileType = sourcecode.swift; path = TodoListViewController.swift; sourceTree = "<group>"; };
		80AEC2421FFE64740001CF99 /* Base */ = {isa = PBXFileReference; lastKnownFileType = file.storyboard; name = Base; path = Base.lproj/Main.storyboard; sourceTree = "<group>"; };
		80AEC2441FFE64740001CF99 /* Assets.xcassets */ = {isa = PBXFileReference; lastKnownFileType = folder.assetcatalog; path = Assets.xcassets; sourceTree = "<group>"; };
		80AEC2471FFE64740001CF99 /* Base */ = {isa = PBXFileReference; lastKnownFileType = file.storyboard; name = Base; path = Base.lproj/LaunchScreen.storyboard; sourceTree = "<group>"; };
		80AEC2491FFE64740001CF99 /* Info.plist */ = {isa = PBXFileReference; lastKnownFileType = text.plist.xml; path = Info.plist; sourceTree = "<group>"; };
		80BBB73320045BE200D86204 /* CategoryTableViewController.swift */ = {isa = PBXFileReference; lastKnownFileType = sourcecode.swift; path = CategoryTableViewController.swift; sourceTree = "<group>"; };
		A78A218755D05DF9A80D8A1D /* Pods_Todoey.framework */ = {isa = PBXFileReference; explicitFileType = wrapper.framework; includeInIndex = 0; path = Pods_Todoey.framework; sourceTree = BUILT_PRODUCTS_DIR; };
		AAA33B25B0B19EA9C4308AAD /* Pods-Todoey.release.xcconfig */ = {isa = PBXFileReference; includeInIndex = 1; lastKnownFileType = text.xcconfig; name = "Pods-Todoey.release.xcconfig"; path = "Pods/Target Support Files/Pods-Todoey/Pods-Todoey.release.xcconfig"; sourceTree = "<group>"; };
		E0D96D7AFAED9BB7FCF37D29 /* Pods-Todoey.debug.xcconfig */ = {isa = PBXFileReference; includeInIndex = 1; lastKnownFileType = text.xcconfig; name = "Pods-Todoey.debug.xcconfig"; path = "Pods/Target Support Files/Pods-Todoey/Pods-Todoey.debug.xcconfig"; sourceTree = "<group>"; };
/* End PBXFileReference section */

/* Begin PBXFrameworksBuildPhase section */
		80AEC2371FFE64740001CF99 /* Frameworks */ = {
			isa = PBXFrameworksBuildPhase;
			buildActionMask = 2147483647;
			files = (
				3B61A9AF80C5D3F23CA87D59 /* Pods_Todoey.framework in Frameworks */,
			);
			runOnlyForDeploymentPostprocessing = 0;
		};
/* End PBXFrameworksBuildPhase section */

/* Begin PBXGroup section */
		5FE8E952D55F4346A934BE75 /* Pods */ = {
			isa = PBXGroup;
			children = (
				E0D96D7AFAED9BB7FCF37D29 /* Pods-Todoey.debug.xcconfig */,
				AAA33B25B0B19EA9C4308AAD /* Pods-Todoey.release.xcconfig */,
			);
			name = Pods;
			sourceTree = "<group>";
		};
		80AEC2311FFE64740001CF99 = {
			isa = PBXGroup;
			children = (
				80AEC23C1FFE64740001CF99 /* Todoey */,
				80AEC23B1FFE64740001CF99 /* Products */,
				5FE8E952D55F4346A934BE75 /* Pods */,
				DF12FE5896D4D0F3597FCBDC /* Frameworks */,
			);
			sourceTree = "<group>";
		};
		80AEC23B1FFE64740001CF99 /* Products */ = {
			isa = PBXGroup;
			children = (
				80AEC23A1FFE64740001CF99 /* Todoey.app */,
			);
			name = Products;
			sourceTree = "<group>";
		};
		80AEC23C1FFE64740001CF99 /* Todoey */ = {
			isa = PBXGroup;
			children = (
				80AEC23D1FFE64740001CF99 /* AppDelegate.swift */,
				80EE0C6E2003162D00592835 /* Views */,
				80EE0C6F2003166800592835 /* Supporting Files */,
				80AEC2491FFE64740001CF99 /* Info.plist */,
				80EE0C6D200315C900592835 /* Controllers */,
				80EE0C6C2003159000592835 /* Data Model */,
			);
			path = Todoey;
			sourceTree = "<group>";
		};
		80EE0C6C2003159000592835 /* Data Model */ = {
			isa = PBXGroup;
			children = (
				8082BDF320037E7E002772D9 /* DataModel.xcdatamodeld */,
			);
			path = "Data Model";
			sourceTree = "<group>";
		};
		80EE0C6D200315C900592835 /* Controllers */ = {
			isa = PBXGroup;
			children = (
				80BBB73320045BE200D86204 /* CategoryTableViewController.swift */,
				80AEC23F1FFE64740001CF99 /* TodoListViewController.swift */,
			);
			path = Controllers;
			sourceTree = "<group>";
		};
		80EE0C6E2003162D00592835 /* Views */ = {
			isa = PBXGroup;
			children = (
				80AEC2411FFE64740001CF99 /* Main.storyboard */,
			);
			path = Views;
			sourceTree = "<group>";
		};
		80EE0C6F2003166800592835 /* Supporting Files */ = {
			isa = PBXGroup;
			children = (
				80AEC2441FFE64740001CF99 /* Assets.xcassets */,
				80AEC2461FFE64740001CF99 /* LaunchScreen.storyboard */,
			);
			path = "Supporting Files";
			sourceTree = "<group>";
		};
		DF12FE5896D4D0F3597FCBDC /* Frameworks */ = {
			isa = PBXGroup;
			children = (
				A78A218755D05DF9A80D8A1D /* Pods_Todoey.framework */,
			);
			name = Frameworks;
			sourceTree = "<group>";
		};
/* End PBXGroup section */

/* Begin PBXNativeTarget section */
		80AEC2391FFE64740001CF99 /* Todoey */ = {
			isa = PBXNativeTarget;
			buildConfigurationList = 80AEC24C1FFE64740001CF99 /* Build configuration list for PBXNativeTarget "Todoey" */;
			buildPhases = (
				E900C57709E8878B4B584741 /* [CP] Check Pods Manifest.lock */,
				80AEC2361FFE64740001CF99 /* Sources */,
				80AEC2371FFE64740001CF99 /* Frameworks */,
				80AEC2381FFE64740001CF99 /* Resources */,
				156A229BB8F9828BC3787710 /* [CP] Embed Pods Frameworks */,
				39BA3CB55EEA0CBE5CD7C629 /* [CP] Copy Pods Resources */,
			);
			buildRules = (
			);
			dependencies = (
			);
			name = Todoey;
			productName = Todoey;
			productReference = 80AEC23A1FFE64740001CF99 /* Todoey.app */;
			productType = "com.apple.product-type.application";
		};
/* End PBXNativeTarget section */

/* Begin PBXProject section */
		80AEC2321FFE64740001CF99 /* Project object */ = {
			isa = PBXProject;
			attributes = {
				LastSwiftUpdateCheck = 0920;
				LastUpgradeCheck = 0920;
				ORGANIZATIONNAME = lvtkhuong;
				TargetAttributes = {
					80AEC2391FFE64740001CF99 = {
						CreatedOnToolsVersion = 9.2;
						ProvisioningStyle = Automatic;
					};
				};
			};
			buildConfigurationList = 80AEC2351FFE64740001CF99 /* Build configuration list for PBXProject "Todoey" */;
			compatibilityVersion = "Xcode 8.0";
			developmentRegion = en;
			hasScannedForEncodings = 0;
			knownRegions = (
				en,
				Base,
			);
			mainGroup = 80AEC2311FFE64740001CF99;
			productRefGroup = 80AEC23B1FFE64740001CF99 /* Products */;
			projectDirPath = "";
			projectRoot = "";
			targets = (
				80AEC2391FFE64740001CF99 /* Todoey */,
			);
		};
/* End PBXProject section */

/* Begin PBXResourcesBuildPhase section */
		80AEC2381FFE64740001CF99 /* Resources */ = {
			isa = PBXResourcesBuildPhase;
			buildActionMask = 2147483647;
			files = (
				80AEC2481FFE64740001CF99 /* LaunchScreen.storyboard in Resources */,
				80AEC2451FFE64740001CF99 /* Assets.xcassets in Resources */,
				80AEC2431FFE64740001CF99 /* Main.storyboard in Resources */,
			);
			runOnlyForDeploymentPostprocessing = 0;
		};
/* End PBXResourcesBuildPhase section */

/* Begin PBXShellScriptBuildPhase section */
		156A229BB8F9828BC3787710 /* [CP] Embed Pods Frameworks */ = {
			isa = PBXShellScriptBuildPhase;
			buildActionMask = 2147483647;
			files = (
			);
			inputPaths = (
				"${SRCROOT}/Pods/Target Support Files/Pods-Todoey/Pods-Todoey-frameworks.sh",
				"${BUILT_PRODUCTS_DIR}/Realm/Realm.framework",
				"${BUILT_PRODUCTS_DIR}/RealmSwift/RealmSwift.framework",
			);
			name = "[CP] Embed Pods Frameworks";
			outputPaths = (
				"${TARGET_BUILD_DIR}/${FRAMEWORKS_FOLDER_PATH}/Realm.framework",
				"${TARGET_BUILD_DIR}/${FRAMEWORKS_FOLDER_PATH}/RealmSwift.framework",
			);
			runOnlyForDeploymentPostprocessing = 0;
			shellPath = /bin/sh;
			shellScript = "\"${SRCROOT}/Pods/Target Support Files/Pods-Todoey/Pods-Todoey-frameworks.sh\"\n";
			showEnvVarsInLog = 0;
		};
		39BA3CB55EEA0CBE5CD7C629 /* [CP] Copy Pods Resources */ = {
			isa = PBXShellScriptBuildPhase;
			buildActionMask = 2147483647;
			files = (
			);
			inputPaths = (
			);
			name = "[CP] Copy Pods Resources";
			outputPaths = (
			);
			runOnlyForDeploymentPostprocessing = 0;
			shellPath = /bin/sh;
			shellScript = "\"${SRCROOT}/Pods/Target Support Files/Pods-Todoey/Pods-Todoey-resources.sh\"\n";
			showEnvVarsInLog = 0;
		};
		E900C57709E8878B4B584741 /* [CP] Check Pods Manifest.lock */ = {
			isa = PBXShellScriptBuildPhase;
			buildActionMask = 2147483647;
			files = (
			);
			inputPaths = (
				"${PODS_PODFILE_DIR_PATH}/Podfile.lock",
				"${PODS_ROOT}/Manifest.lock",
			);
			name = "[CP] Check Pods Manifest.lock";
			outputPaths = (
				"$(DERIVED_FILE_DIR)/Pods-Todoey-checkManifestLockResult.txt",
			);
			runOnlyForDeploymentPostprocessing = 0;
			shellPath = /bin/sh;
			shellScript = "diff \"${PODS_PODFILE_DIR_PATH}/Podfile.lock\" \"${PODS_ROOT}/Manifest.lock\" > /dev/null\nif [ $? != 0 ] ; then\n    # print error to STDERR\n    echo \"error: The sandbox is not in sync with the Podfile.lock. Run 'pod install' or update your CocoaPods installation.\" >&2\n    exit 1\nfi\n# This output is used by Xcode 'outputs' to avoid re-running this script phase.\necho \"SUCCESS\" > \"${SCRIPT_OUTPUT_FILE_0}\"\n";
			showEnvVarsInLog = 0;
		};
/* End PBXShellScriptBuildPhase section */

/* Begin PBXSourcesBuildPhase section */
		80AEC2361FFE64740001CF99 /* Sources */ = {
			isa = PBXSourcesBuildPhase;
			buildActionMask = 2147483647;
			files = (
				80AEC2401FFE64740001CF99 /* TodoListViewController.swift in Sources */,
				8082BDF520037E7E002772D9 /* DataModel.xcdatamodeld in Sources */,
				80AEC23E1FFE64740001CF99 /* AppDelegate.swift in Sources */,
				80BBB73420045BE200D86204 /* CategoryTableViewController.swift in Sources */,
			);
			runOnlyForDeploymentPostprocessing = 0;
		};
/* End PBXSourcesBuildPhase section */

/* Begin PBXVariantGroup section */
		80AEC2411FFE64740001CF99 /* Main.storyboard */ = {
			isa = PBXVariantGroup;
			children = (
				80AEC2421FFE64740001CF99 /* Base */,
			);
			name = Main.storyboard;
			sourceTree = "<group>";
		};
		80AEC2461FFE64740001CF99 /* LaunchScreen.storyboard */ = {
			isa = PBXVariantGroup;
			children = (
				80AEC2471FFE64740001CF99 /* Base */,
			);
			name = LaunchScreen.storyboard;
			sourceTree = "<group>";
		};
/* End PBXVariantGroup section */

/* Begin XCBuildConfiguration section */
		80AEC24A1FFE64740001CF99 /* Debug */ = {
			isa = XCBuildConfiguration;
			buildSettings = {
				ALWAYS_SEARCH_USER_PATHS = NO;
				CLANG_ANALYZER_NONNULL = YES;
				CLANG_ANALYZER_NUMBER_OBJECT_CONVERSION = YES_AGGRESSIVE;
				CLANG_CXX_LANGUAGE_STANDARD = "gnu++14";
				CLANG_CXX_LIBRARY = "libc++";
				CLANG_ENABLE_MODULES = YES;
				CLANG_ENABLE_OBJC_ARC = YES;
				CLANG_WARN_BLOCK_CAPTURE_AUTORELEASING = YES;
				CLANG_WARN_BOOL_CONVERSION = YES;
				CLANG_WARN_COMMA = YES;
				CLANG_WARN_CONSTANT_CONVERSION = YES;
				CLANG_WARN_DIRECT_OBJC_ISA_USAGE = YES_ERROR;
				CLANG_WARN_DOCUMENTATION_COMMENTS = YES;
				CLANG_WARN_EMPTY_BODY = YES;
				CLANG_WARN_ENUM_CONVERSION = YES;
				CLANG_WARN_INFINITE_RECURSION = YES;
				CLANG_WARN_INT_CONVERSION = YES;
				CLANG_WARN_NON_LITERAL_NULL_CONVERSION = YES;
				CLANG_WARN_OBJC_LITERAL_CONVERSION = YES;
				CLANG_WARN_OBJC_ROOT_CLASS = YES_ERROR;
				CLANG_WARN_RANGE_LOOP_ANALYSIS = YES;
				CLANG_WARN_STRICT_PROTOTYPES = YES;
				CLANG_WARN_SUSPICIOUS_MOVE = YES;
				CLANG_WARN_UNGUARDED_AVAILABILITY = YES_AGGRESSIVE;
				CLANG_WARN_UNREACHABLE_CODE = YES;
				CLANG_WARN__DUPLICATE_METHOD_MATCH = YES;
				CODE_SIGN_IDENTITY = "iPhone Developer";
				COPY_PHASE_STRIP = NO;
				DEBUG_INFORMATION_FORMAT = dwarf;
				ENABLE_STRICT_OBJC_MSGSEND = YES;
				ENABLE_TESTABILITY = YES;
				GCC_C_LANGUAGE_STANDARD = gnu11;
				GCC_DYNAMIC_NO_PIC = NO;
				GCC_NO_COMMON_BLOCKS = YES;
				GCC_OPTIMIZATION_LEVEL = 0;
				GCC_PREPROCESSOR_DEFINITIONS = (
					"DEBUG=1",
					"$(inherited)",
				);
				GCC_WARN_64_TO_32_BIT_CONVERSION = YES;
				GCC_WARN_ABOUT_RETURN_TYPE = YES_ERROR;
				GCC_WARN_UNDECLARED_SELECTOR = YES;
				GCC_WARN_UNINITIALIZED_AUTOS = YES_AGGRESSIVE;
				GCC_WARN_UNUSED_FUNCTION = YES;
				GCC_WARN_UNUSED_VARIABLE = YES;
				IPHONEOS_DEPLOYMENT_TARGET = 11.2;
				MTL_ENABLE_DEBUG_INFO = YES;
				ONLY_ACTIVE_ARCH = YES;
				SDKROOT = iphoneos;
				SWIFT_ACTIVE_COMPILATION_CONDITIONS = DEBUG;
				SWIFT_OPTIMIZATION_LEVEL = "-Onone";
			};
			name = Debug;
		};
		80AEC24B1FFE64740001CF99 /* Release */ = {
			isa = XCBuildConfiguration;
			buildSettings = {
				ALWAYS_SEARCH_USER_PATHS = NO;
				CLANG_ANALYZER_NONNULL = YES;
				CLANG_ANALYZER_NUMBER_OBJECT_CONVERSION = YES_AGGRESSIVE;
				CLANG_CXX_LANGUAGE_STANDARD = "gnu++14";
				CLANG_CXX_LIBRARY = "libc++";
				CLANG_ENABLE_MODULES = YES;
				CLANG_ENABLE_OBJC_ARC = YES;
				CLANG_WARN_BLOCK_CAPTURE_AUTORELEASING = YES;
				CLANG_WARN_BOOL_CONVERSION = YES;
				CLANG_WARN_COMMA = YES;
				CLANG_WARN_CONSTANT_CONVERSION = YES;
				CLANG_WARN_DIRECT_OBJC_ISA_USAGE = YES_ERROR;
				CLANG_WARN_DOCUMENTATION_COMMENTS = YES;
				CLANG_WARN_EMPTY_BODY = YES;
				CLANG_WARN_ENUM_CONVERSION = YES;
				CLANG_WARN_INFINITE_RECURSION = YES;
				CLANG_WARN_INT_CONVERSION = YES;
				CLANG_WARN_NON_LITERAL_NULL_CONVERSION = YES;
				CLANG_WARN_OBJC_LITERAL_CONVERSION = YES;
				CLANG_WARN_OBJC_ROOT_CLASS = YES_ERROR;
				CLANG_WARN_RANGE_LOOP_ANALYSIS = YES;
				CLANG_WARN_STRICT_PROTOTYPES = YES;
				CLANG_WARN_SUSPICIOUS_MOVE = YES;
				CLANG_WARN_UNGUARDED_AVAILABILITY = YES_AGGRESSIVE;
				CLANG_WARN_UNREACHABLE_CODE = YES;
				CLANG_WARN__DUPLICATE_METHOD_MATCH = YES;
				CODE_SIGN_IDENTITY = "iPhone Developer";
				COPY_PHASE_STRIP = NO;
				DEBUG_INFORMATION_FORMAT = "dwarf-with-dsym";
				ENABLE_NS_ASSERTIONS = NO;
				ENABLE_STRICT_OBJC_MSGSEND = YES;
				GCC_C_LANGUAGE_STANDARD = gnu11;
				GCC_NO_COMMON_BLOCKS = YES;
				GCC_WARN_64_TO_32_BIT_CONVERSION = YES;
				GCC_WARN_ABOUT_RETURN_TYPE = YES_ERROR;
				GCC_WARN_UNDECLARED_SELECTOR = YES;
				GCC_WARN_UNINITIALIZED_AUTOS = YES_AGGRESSIVE;
				GCC_WARN_UNUSED_FUNCTION = YES;
				GCC_WARN_UNUSED_VARIABLE = YES;
				IPHONEOS_DEPLOYMENT_TARGET = 11.2;
				MTL_ENABLE_DEBUG_INFO = NO;
				SDKROOT = iphoneos;
				SWIFT_OPTIMIZATION_LEVEL = "-Owholemodule";
				VALIDATE_PRODUCT = YES;
			};
			name = Release;
		};
		80AEC24D1FFE64740001CF99 /* Debug */ = {
			isa = XCBuildConfiguration;
			baseConfigurationReference = E0D96D7AFAED9BB7FCF37D29 /* Pods-Todoey.debug.xcconfig */;
			buildSettings = {
				ASSETCATALOG_COMPILER_APPICON_NAME = AppIcon;
				CODE_SIGN_STYLE = Automatic;
				DEVELOPMENT_TEAM = 9Z86KCWR5B;
				INFOPLIST_FILE = Todoey/Info.plist;
				IPHONEOS_DEPLOYMENT_TARGET = 11.2;
				LD_RUNPATH_SEARCH_PATHS = "$(inherited) @executable_path/Frameworks";
				PRODUCT_BUNDLE_IDENTIFIER = com.lvtkhuong.Todoey;
				PRODUCT_NAME = "$(TARGET_NAME)";
				SWIFT_VERSION = 4.0;
				TARGETED_DEVICE_FAMILY = 2;
			};
			name = Debug;
		};
		80AEC24E1FFE64740001CF99 /* Release */ = {
			isa = XCBuildConfiguration;
			baseConfigurationReference = AAA33B25B0B19EA9C4308AAD /* Pods-Todoey.release.xcconfig */;
			buildSettings = {
				ASSETCATALOG_COMPILER_APPICON_NAME = AppIcon;
				CODE_SIGN_STYLE = Automatic;
				DEVELOPMENT_TEAM = 9Z86KCWR5B;
				INFOPLIST_FILE = Todoey/Info.plist;
				IPHONEOS_DEPLOYMENT_TARGET = 11.2;
				LD_RUNPATH_SEARCH_PATHS = "$(inherited) @executable_path/Frameworks";
				PRODUCT_BUNDLE_IDENTIFIER = com.lvtkhuong.Todoey;
				PRODUCT_NAME = "$(TARGET_NAME)";
				SWIFT_VERSION = 4.0;
				TARGETED_DEVICE_FAMILY = 2;
			};
			name = Release;
		};
/* End XCBuildConfiguration section */

/* Begin XCConfigurationList section */
		80AEC2351FFE64740001CF99 /* Build configuration list for PBXProject "Todoey" */ = {
			isa = XCConfigurationList;
			buildConfigurations = (
				80AEC24A1FFE64740001CF99 /* Debug */,
				80AEC24B1FFE64740001CF99 /* Release */,
			);
			defaultConfigurationIsVisible = 0;
			defaultConfigurationName = Release;
		};
		80AEC24C1FFE64740001CF99 /* Build configuration list for PBXNativeTarget "Todoey" */ = {
			isa = XCConfigurationList;
			buildConfigurations = (
				80AEC24D1FFE64740001CF99 /* Debug */,
				80AEC24E1FFE64740001CF99 /* Release */,
			);
			defaultConfigurationIsVisible = 0;
			defaultConfigurationName = Release;
		};
/* End XCConfigurationList section */

/* Begin XCVersionGroup section */
		8082BDF320037E7E002772D9 /* DataModel.xcdatamodeld */ = {
			isa = XCVersionGroup;
			children = (
				8082BDF420037E7E002772D9 /* DataModel.xcdatamodel */,
			);
			currentVersion = 8082BDF420037E7E002772D9 /* DataModel.xcdatamodel */;
			path = DataModel.xcdatamodeld;
			sourceTree = "<group>";
			versionGroupType = wrapper.xcdatamodel;
		};
/* End XCVersionGroup section */
	};
	rootObject = 80AEC2321FFE64740001CF99 /* Project object */;
}
